// !$*UTF8*$!
{
	archiveVersion = 1;
	classes = {
	};
	objectVersion = 50;
	objects = {

/* Begin PBXBuildFile section */
		3F8ED9AF218A3CDC0035F2C0 /* AppDelegate.swift in Sources */ = {isa = PBXBuildFile; fileRef = 3F8ED9AE218A3CDC0035F2C0 /* AppDelegate.swift */; };
		3F8ED9B4218A3CDC0035F2C0 /* Main.storyboard in Resources */ = {isa = PBXBuildFile; fileRef = 3F8ED9B2218A3CDC0035F2C0 /* Main.storyboard */; };
		3F8ED9B6218A3CDD0035F2C0 /* Assets.xcassets in Resources */ = {isa = PBXBuildFile; fileRef = 3F8ED9B5218A3CDD0035F2C0 /* Assets.xcassets */; };
		3F8ED9B9218A3CDD0035F2C0 /* LaunchScreen.storyboard in Resources */ = {isa = PBXBuildFile; fileRef = 3F8ED9B7218A3CDD0035F2C0 /* LaunchScreen.storyboard */; };
		3F8ED9C4218A3CDD0035F2C0 /* WeatherTests.swift in Sources */ = {isa = PBXBuildFile; fileRef = 3F8ED9C3218A3CDD0035F2C0 /* WeatherTests.swift */; };
		3F8ED9CF218A3CDD0035F2C0 /* WeatherUITests.swift in Sources */ = {isa = PBXBuildFile; fileRef = 3F8ED9CE218A3CDD0035F2C0 /* WeatherUITests.swift */; };
		3F8ED9DD218A3D3A0035F2C0 /* LoginFormController.swift in Sources */ = {isa = PBXBuildFile; fileRef = 3F8ED9DC218A3D3A0035F2C0 /* LoginFormController.swift */; };
/* End PBXBuildFile section */

/* Begin PBXContainerItemProxy section */
		3F8ED9C0218A3CDD0035F2C0 /* PBXContainerItemProxy */ = {
			isa = PBXContainerItemProxy;
			containerPortal = 3F8ED9A3218A3CDB0035F2C0 /* Project object */;
			proxyType = 1;
			remoteGlobalIDString = 3F8ED9AA218A3CDC0035F2C0;
			remoteInfo = Weather;
		};
		3F8ED9CB218A3CDD0035F2C0 /* PBXContainerItemProxy */ = {
			isa = PBXContainerItemProxy;
			containerPortal = 3F8ED9A3218A3CDB0035F2C0 /* Project object */;
			proxyType = 1;
			remoteGlobalIDString = 3F8ED9AA218A3CDC0035F2C0;
			remoteInfo = Weather;
		};
/* End PBXContainerItemProxy section */

/* Begin PBXFileReference section */
		3F8ED9AB218A3CDC0035F2C0 /* Weather.app */ = {isa = PBXFileReference; explicitFileType = wrapper.application; includeInIndex = 0; path = Weather.app; sourceTree = BUILT_PRODUCTS_DIR; };
		3F8ED9AE218A3CDC0035F2C0 /* AppDelegate.swift */ = {isa = PBXFileReference; lastKnownFileType = sourcecode.swift; path = AppDelegate.swift; sourceTree = "<group>"; };
		3F8ED9B3218A3CDC0035F2C0 /* Base */ = {isa = PBXFileReference; lastKnownFileType = file.storyboard; name = Base; path = Base.lproj/Main.storyboard; sourceTree = "<group>"; };
		3F8ED9B5218A3CDD0035F2C0 /* Assets.xcassets */ = {isa = PBXFileReference; lastKnownFileType = folder.assetcatalog; path = Assets.xcassets; sourceTree = "<group>"; };
		3F8ED9B8218A3CDD0035F2C0 /* Base */ = {isa = PBXFileReference; lastKnownFileType = file.storyboard; name = Base; path = Base.lproj/LaunchScreen.storyboard; sourceTree = "<group>"; };
		3F8ED9BA218A3CDD0035F2C0 /* Info.plist */ = {isa = PBXFileReference; lastKnownFileType = text.plist.xml; path = Info.plist; sourceTree = "<group>"; };
		3F8ED9BF218A3CDD0035F2C0 /* WeatherTests.xctest */ = {isa = PBXFileReference; explicitFileType = wrapper.cfbundle; includeInIndex = 0; path = WeatherTests.xctest; sourceTree = BUILT_PRODUCTS_DIR; };
		3F8ED9C3218A3CDD0035F2C0 /* WeatherTests.swift */ = {isa = PBXFileReference; lastKnownFileType = sourcecode.swift; path = WeatherTests.swift; sourceTree = "<group>"; };
		3F8ED9C5218A3CDD0035F2C0 /* Info.plist */ = {isa = PBXFileReference; lastKnownFileType = text.plist.xml; path = Info.plist; sourceTree = "<group>"; };
		3F8ED9CA218A3CDD0035F2C0 /* WeatherUITests.xctest */ = {isa = PBXFileReference; explicitFileType = wrapper.cfbundle; includeInIndex = 0; path = WeatherUITests.xctest; sourceTree = BUILT_PRODUCTS_DIR; };
		3F8ED9CE218A3CDD0035F2C0 /* WeatherUITests.swift */ = {isa = PBXFileReference; lastKnownFileType = sourcecode.swift; path = WeatherUITests.swift; sourceTree = "<group>"; };
		3F8ED9D0218A3CDD0035F2C0 /* Info.plist */ = {isa = PBXFileReference; lastKnownFileType = text.plist.xml; path = Info.plist; sourceTree = "<group>"; };
		3F8ED9DC218A3D3A0035F2C0 /* LoginFormController.swift */ = {isa = PBXFileReference; lastKnownFileType = sourcecode.swift; path = LoginFormController.swift; sourceTree = "<group>"; };
/* End PBXFileReference section */

/* Begin PBXFrameworksBuildPhase section */
		3F8ED9A8218A3CDC0035F2C0 /* Frameworks */ = {
			isa = PBXFrameworksBuildPhase;
			buildActionMask = 2147483647;
			files = (
			);
			runOnlyForDeploymentPostprocessing = 0;
		};
		3F8ED9BC218A3CDD0035F2C0 /* Frameworks */ = {
			isa = PBXFrameworksBuildPhase;
			buildActionMask = 2147483647;
			files = (
			);
			runOnlyForDeploymentPostprocessing = 0;
		};
		3F8ED9C7218A3CDD0035F2C0 /* Frameworks */ = {
			isa = PBXFrameworksBuildPhase;
			buildActionMask = 2147483647;
			files = (
			);
			runOnlyForDeploymentPostprocessing = 0;
		};
/* End PBXFrameworksBuildPhase section */

/* Begin PBXGroup section */
		3F8ED9A2218A3CDB0035F2C0 = {
			isa = PBXGroup;
			children = (
				3F8ED9AD218A3CDC0035F2C0 /* Weather */,
				3F8ED9C2218A3CDD0035F2C0 /* WeatherTests */,
				3F8ED9CD218A3CDD0035F2C0 /* WeatherUITests */,
				3F8ED9AC218A3CDC0035F2C0 /* Products */,
			);
			sourceTree = "<group>";
		};
		3F8ED9AC218A3CDC0035F2C0 /* Products */ = {
			isa = PBXGroup;
			children = (
				3F8ED9AB218A3CDC0035F2C0 /* Weather.app */,
				3F8ED9BF218A3CDD0035F2C0 /* WeatherTests.xctest */,
				3F8ED9CA218A3CDD0035F2C0 /* WeatherUITests.xctest */,
			);
			name = Products;
			sourceTree = "<group>";
		};
		3F8ED9AD218A3CDC0035F2C0 /* Weather */ = {
			isa = PBXGroup;
			children = (
				3F8ED9AE218A3CDC0035F2C0 /* AppDelegate.swift */,
				3F8ED9B2218A3CDC0035F2C0 /* Main.storyboard */,
				3F8ED9B5218A3CDD0035F2C0 /* Assets.xcassets */,
				3F8ED9B7218A3CDD0035F2C0 /* LaunchScreen.storyboard */,
				3F8ED9DC218A3D3A0035F2C0 /* LoginFormController.swift */,
				3F8ED9BA218A3CDD0035F2C0 /* Info.plist */,
			);
			path = Weather;
			sourceTree = "<group>";
		};
		3F8ED9C2218A3CDD0035F2C0 /* WeatherTests */ = {
			isa = PBXGroup;
			children = (
				3F8ED9C3218A3CDD0035F2C0 /* WeatherTests.swift */,
				3F8ED9C5218A3CDD0035F2C0 /* Info.plist */,
			);
			path = WeatherTests;
			sourceTree = "<group>";
		};
		3F8ED9CD218A3CDD0035F2C0 /* WeatherUITests */ = {
			isa = PBXGroup;
			children = (
				3F8ED9CE218A3CDD0035F2C0 /* WeatherUITests.swift */,
				3F8ED9D0218A3CDD0035F2C0 /* Info.plist */,
			);
			path = WeatherUITests;
			sourceTree = "<group>";
		};
/* End PBXGroup section */

/* Begin PBXNativeTarget section */
		3F8ED9AA218A3CDC0035F2C0 /* Weather */ = {
			isa = PBXNativeTarget;
			buildConfigurationList = 3F8ED9D3218A3CDD0035F2C0 /* Build configuration list for PBXNativeTarget "Weather" */;
			buildPhases = (
				3F8ED9A7218A3CDC0035F2C0 /* Sources */,
				3F8ED9A8218A3CDC0035F2C0 /* Frameworks */,
				3F8ED9A9218A3CDC0035F2C0 /* Resources */,
			);
			buildRules = (
			);
			dependencies = (
			);
			name = Weather;
			productName = Weather;
			productReference = 3F8ED9AB218A3CDC0035F2C0 /* Weather.app */;
			productType = "com.apple.product-type.application";
		};
		3F8ED9BE218A3CDD0035F2C0 /* WeatherTests */ = {
			isa = PBXNativeTarget;
			buildConfigurationList = 3F8ED9D6218A3CDD0035F2C0 /* Build configuration list for PBXNativeTarget "WeatherTests" */;
			buildPhases = (
				3F8ED9BB218A3CDD0035F2C0 /* Sources */,
				3F8ED9BC218A3CDD0035F2C0 /* Frameworks */,
				3F8ED9BD218A3CDD0035F2C0 /* Resources */,
			);
			buildRules = (
			);
			dependencies = (
				3F8ED9C1218A3CDD0035F2C0 /* PBXTargetDependency */,
			);
			name = WeatherTests;
			productName = WeatherTests;
			productReference = 3F8ED9BF218A3CDD0035F2C0 /* WeatherTests.xctest */;
			productType = "com.apple.product-type.bundle.unit-test";
		};
		3F8ED9C9218A3CDD0035F2C0 /* WeatherUITests */ = {
			isa = PBXNativeTarget;
			buildConfigurationList = 3F8ED9D9218A3CDD0035F2C0 /* Build configuration list for PBXNativeTarget "WeatherUITests" */;
			buildPhases = (
				3F8ED9C6218A3CDD0035F2C0 /* Sources */,
				3F8ED9C7218A3CDD0035F2C0 /* Frameworks */,
				3F8ED9C8218A3CDD0035F2C0 /* Resources */,
			);
			buildRules = (
			);
			dependencies = (
				3F8ED9CC218A3CDD0035F2C0 /* PBXTargetDependency */,
			);
			name = WeatherUITests;
			productName = WeatherUITests;
			productReference = 3F8ED9CA218A3CDD0035F2C0 /* WeatherUITests.xctest */;
			productType = "com.apple.product-type.bundle.ui-testing";
		};
/* End PBXNativeTarget section */

/* Begin PBXProject section */
		3F8ED9A3218A3CDB0035F2C0 /* Project object */ = {
			isa = PBXProject;
			attributes = {
				LastSwiftUpdateCheck = 1000;
				LastUpgradeCheck = 1000;
				ORGANIZATIONNAME = "Tatiana Tsygankova";
				TargetAttributes = {
					3F8ED9AA218A3CDC0035F2C0 = {
						CreatedOnToolsVersion = 10.0;
					};
					3F8ED9BE218A3CDD0035F2C0 = {
						CreatedOnToolsVersion = 10.0;
						TestTargetID = 3F8ED9AA218A3CDC0035F2C0;
					};
					3F8ED9C9218A3CDD0035F2C0 = {
						CreatedOnToolsVersion = 10.0;
						TestTargetID = 3F8ED9AA218A3CDC0035F2C0;
					};
				};
			};
			buildConfigurationList = 3F8ED9A6218A3CDC0035F2C0 /* Build configuration list for PBXProject "Weather" */;
			compatibilityVersion = "Xcode 9.3";
			developmentRegion = en;
			hasScannedForEncodings = 0;
			knownRegions = (
				en,
				Base,
			);
			mainGroup = 3F8ED9A2218A3CDB0035F2C0;
			productRefGroup = 3F8ED9AC218A3CDC0035F2C0 /* Products */;
			projectDirPath = "";
			projectRoot = "";
			targets = (
				3F8ED9AA218A3CDC0035F2C0 /* Weather */,
				3F8ED9BE218A3CDD0035F2C0 /* WeatherTests */,
				3F8ED9C9218A3CDD0035F2C0 /* WeatherUITests */,
			);
		};
/* End PBXProject section */

/* Begin PBXResourcesBuildPhase section */
		3F8ED9A9218A3CDC0035F2C0 /* Resources */ = {
			isa = PBXResourcesBuildPhase;
			buildActionMask = 2147483647;
			files = (
				3F8ED9B9218A3CDD0035F2C0 /* LaunchScreen.storyboard in Resources */,
				3F8ED9B6218A3CDD0035F2C0 /* Assets.xcassets in Resources */,
				3F8ED9B4218A3CDC0035F2C0 /* Main.storyboard in Resources */,
			);
			runOnlyForDeploymentPostprocessing = 0;
		};
		3F8ED9BD218A3CDD0035F2C0 /* Resources */ = {
			isa = PBXResourcesBuildPhase;
			buildActionMask = 2147483647;
			files = (
			);
			runOnlyForDeploymentPostprocessing = 0;
		};
		3F8ED9C8218A3CDD0035F2C0 /* Resources */ = {
			isa = PBXResourcesBuildPhase;
			buildActionMask = 2147483647;
			files = (
			);
			runOnlyForDeploymentPostprocessing = 0;
		};
/* End PBXResourcesBuildPhase section */

/* Begin PBXSourcesBuildPhase section */
		3F8ED9A7218A3CDC0035F2C0 /* Sources */ = {
			isa = PBXSourcesBuildPhase;
			buildActionMask = 2147483647;
			files = (
				3F8ED9AF218A3CDC0035F2C0 /* AppDelegate.swift in Sources */,
				3F8ED9DD218A3D3A0035F2C0 /* LoginFormController.swift in Sources */,
			);
			runOnlyForDeploymentPostprocessing = 0;
		};
		3F8ED9BB218A3CDD0035F2C0 /* Sources */ = {
			isa = PBXSourcesBuildPhase;
			buildActionMask = 2147483647;
			files = (
				3F8ED9C4218A3CDD0035F2C0 /* WeatherTests.swift in Sources */,
			);
			runOnlyForDeploymentPostprocessing = 0;
		};
		3F8ED9C6218A3CDD0035F2C0 /* Sources */ = {
			isa = PBXSourcesBuildPhase;
			buildActionMask = 2147483647;
			files = (
				3F8ED9CF218A3CDD0035F2C0 /* WeatherUITests.swift in Sources */,
			);
			runOnlyForDeploymentPostprocessing = 0;
		};
/* End PBXSourcesBuildPhase section */

/* Begin PBXTargetDependency section */
		3F8ED9C1218A3CDD0035F2C0 /* PBXTargetDependency */ = {
			isa = PBXTargetDependency;
			target = 3F8ED9AA218A3CDC0035F2C0 /* Weather */;
			targetProxy = 3F8ED9C0218A3CDD0035F2C0 /* PBXContainerItemProxy */;
		};
		3F8ED9CC218A3CDD0035F2C0 /* PBXTargetDependency */ = {
			isa = PBXTargetDependency;
			target = 3F8ED9AA218A3CDC0035F2C0 /* Weather */;
			targetProxy = 3F8ED9CB218A3CDD0035F2C0 /* PBXContainerItemProxy */;
		};
/* End PBXTargetDependency section */

/* Begin PBXVariantGroup section */
		3F8ED9B2218A3CDC0035F2C0 /* Main.storyboard */ = {
			isa = PBXVariantGroup;
			children = (
				3F8ED9B3218A3CDC0035F2C0 /* Base */,
			);
			name = Main.storyboard;
			sourceTree = "<group>";
		};
		3F8ED9B7218A3CDD0035F2C0 /* LaunchScreen.storyboard */ = {
			isa = PBXVariantGroup;
			children = (
				3F8ED9B8218A3CDD0035F2C0 /* Base */,
			);
			name = LaunchScreen.storyboard;
			sourceTree = "<group>";
		};
/* End PBXVariantGroup section */

/* Begin XCBuildConfiguration section */
		3F8ED9D1218A3CDD0035F2C0 /* Debug */ = {
			isa = XCBuildConfiguration;
			buildSettings = {
				ALWAYS_SEARCH_USER_PATHS = NO;
				CLANG_ANALYZER_NONNULL = YES;
				CLANG_ANALYZER_NUMBER_OBJECT_CONVERSION = YES_AGGRESSIVE;
				CLANG_CXX_LANGUAGE_STANDARD = "gnu++14";
				CLANG_CXX_LIBRARY = "libc++";
				CLANG_ENABLE_MODULES = YES;
				CLANG_ENABLE_OBJC_ARC = YES;
				CLANG_ENABLE_OBJC_WEAK = YES;
				CLANG_WARN_BLOCK_CAPTURE_AUTORELEASING = YES;
				CLANG_WARN_BOOL_CONVERSION = YES;
				CLANG_WARN_COMMA = YES;
				CLANG_WARN_CONSTANT_CONVERSION = YES;
				CLANG_WARN_DEPRECATED_OBJC_IMPLEMENTATIONS = YES;
				CLANG_WARN_DIRECT_OBJC_ISA_USAGE = YES_ERROR;
				CLANG_WARN_DOCUMENTATION_COMMENTS = YES;
				CLANG_WARN_EMPTY_BODY = YES;
				CLANG_WARN_ENUM_CONVERSION = YES;
				CLANG_WARN_INFINITE_RECURSION = YES;
				CLANG_WARN_INT_CONVERSION = YES;
				CLANG_WARN_NON_LITERAL_NULL_CONVERSION = YES;
				CLANG_WARN_OBJC_IMPLICIT_RETAIN_SELF = YES;
				CLANG_WARN_OBJC_LITERAL_CONVERSION = YES;
				CLANG_WARN_OBJC_ROOT_CLASS = YES_ERROR;
				CLANG_WARN_RANGE_LOOP_ANALYSIS = YES;
				CLANG_WARN_STRICT_PROTOTYPES = YES;
				CLANG_WARN_SUSPICIOUS_MOVE = YES;
				CLANG_WARN_UNGUARDED_AVAILABILITY = YES_AGGRESSIVE;
				CLANG_WARN_UNREACHABLE_CODE = YES;
				CLANG_WARN__DUPLICATE_METHOD_MATCH = YES;
				CODE_SIGN_IDENTITY = "iPhone Developer";
				COPY_PHASE_STRIP = NO;
				DEBUG_INFORMATION_FORMAT = dwarf;
				ENABLE_STRICT_OBJC_MSGSEND = YES;
				ENABLE_TESTABILITY = YES;
				GCC_C_LANGUAGE_STANDARD = gnu11;
				GCC_DYNAMIC_NO_PIC = NO;
				GCC_NO_COMMON_BLOCKS = YES;
				GCC_OPTIMIZATION_LEVEL = 0;
				GCC_PREPROCESSOR_DEFINITIONS = (
					"DEBUG=1",
					"$(inherited)",
				);
				GCC_WARN_64_TO_32_BIT_CONVERSION = YES;
				GCC_WARN_ABOUT_RETURN_TYPE = YES_ERROR;
				GCC_WARN_UNDECLARED_SELECTOR = YES;
				GCC_WARN_UNINITIALIZED_AUTOS = YES_AGGRESSIVE;
				GCC_WARN_UNUSED_FUNCTION = YES;
				GCC_WARN_UNUSED_VARIABLE = YES;
				IPHONEOS_DEPLOYMENT_TARGET = 12.0;
				MTL_ENABLE_DEBUG_INFO = INCLUDE_SOURCE;
				MTL_FAST_MATH = YES;
				ONLY_ACTIVE_ARCH = YES;
				SDKROOT = iphoneos;
				SWIFT_ACTIVE_COMPILATION_CONDITIONS = DEBUG;
				SWIFT_OPTIMIZATION_LEVEL = "-Onone";
			};
			name = Debug;
		};
		3F8ED9D2218A3CDD0035F2C0 /* Release */ = {
			isa = XCBuildConfiguration;
			buildSettings = {
				ALWAYS_SEARCH_USER_PATHS = NO;
				CLANG_ANALYZER_NONNULL = YES;
				CLANG_ANALYZER_NUMBER_OBJECT_CONVERSION = YES_AGGRESSIVE;
				CLANG_CXX_LANGUAGE_STANDARD = "gnu++14";
				CLANG_CXX_LIBRARY = "libc++";
				CLANG_ENABLE_MODULES = YES;
				CLANG_ENABLE_OBJC_ARC = YES;
				CLANG_ENABLE_OBJC_WEAK = YES;
				CLANG_WARN_BLOCK_CAPTURE_AUTORELEASING = YES;
				CLANG_WARN_BOOL_CONVERSION = YES;
				CLANG_WARN_COMMA = YES;
				CLANG_WARN_CONSTANT_CONVERSION = YES;
				CLANG_WARN_DEPRECATED_OBJC_IMPLEMENTATIONS = YES;
				CLANG_WARN_DIRECT_OBJC_ISA_USAGE = YES_ERROR;
				CLANG_WARN_DOCUMENTATION_COMMENTS = YES;
				CLANG_WARN_EMPTY_BODY = YES;
				CLANG_WARN_ENUM_CONVERSION = YES;
				CLANG_WARN_INFINITE_RECURSION = YES;
				CLANG_WARN_INT_CONVERSION = YES;
				CLANG_WARN_NON_LITERAL_NULL_CONVERSION = YES;
				CLANG_WARN_OBJC_IMPLICIT_RETAIN_SELF = YES;
				CLANG_WARN_OBJC_LITERAL_CONVERSION = YES;
				CLANG_WARN_OBJC_ROOT_CLASS = YES_ERROR;
				CLANG_WARN_RANGE_LOOP_ANALYSIS = YES;
				CLANG_WARN_STRICT_PROTOTYPES = YES;
				CLANG_WARN_SUSPICIOUS_MOVE = YES;
				CLANG_WARN_UNGUARDED_AVAILABILITY = YES_AGGRESSIVE;
				CLANG_WARN_UNREACHABLE_CODE = YES;
				CLANG_WARN__DUPLICATE_METHOD_MATCH = YES;
				CODE_SIGN_IDENTITY = "iPhone Developer";
				COPY_PHASE_STRIP = NO;
				DEBUG_INFORMATION_FORMAT = "dwarf-with-dsym";
				ENABLE_NS_ASSERTIONS = NO;
				ENABLE_STRICT_OBJC_MSGSEND = YES;
				GCC_C_LANGUAGE_STANDARD = gnu11;
				GCC_NO_COMMON_BLOCKS = YES;
				GCC_WARN_64_TO_32_BIT_CONVERSION = YES;
				GCC_WARN_ABOUT_RETURN_TYPE = YES_ERROR;
				GCC_WARN_UNDECLARED_SELECTOR = YES;
				GCC_WARN_UNINITIALIZED_AUTOS = YES_AGGRESSIVE;
				GCC_WARN_UNUSED_FUNCTION = YES;
				GCC_WARN_UNUSED_VARIABLE = YES;
				IPHONEOS_DEPLOYMENT_TARGET = 12.0;
				MTL_ENABLE_DEBUG_INFO = NO;
				MTL_FAST_MATH = YES;
				SDKROOT = iphoneos;
				SWIFT_COMPILATION_MODE = wholemodule;
				SWIFT_OPTIMIZATION_LEVEL = "-O";
				VALIDATE_PRODUCT = YES;
			};
			name = Release;
		};
		3F8ED9D4218A3CDD0035F2C0 /* Debug */ = {
			isa = XCBuildConfiguration;
			buildSettings = {
				ASSETCATALOG_COMPILER_APPICON_NAME = AppIcon;
				CODE_SIGN_STYLE = Automatic;
				INFOPLIST_FILE = Weather/Info.plist;
				LD_RUNPATH_SEARCH_PATHS = (
					"$(inherited)",
					"@executable_path/Frameworks",
				);
				PRODUCT_BUNDLE_IDENTIFIER = TsygTa.Weather;
				PRODUCT_NAME = "$(TARGET_NAME)";
				SWIFT_VERSION = 4.2;
				TARGETED_DEVICE_FAMILY = "1,2";
			};
			name = Debug;
		};
		3F8ED9D5218A3CDD0035F2C0 /* Release */ = {
			isa = XCBuildConfiguration;
			buildSettings = {
				ASSETCATALOG_COMPILER_APPICON_NAME = AppIcon;
				CODE_SIGN_STYLE = Automatic;
				INFOPLIST_FILE = Weather/Info.plist;
				LD_RUNPATH_SEARCH_PATHS = (
					"$(inherited)",
					"@executable_path/Frameworks",
				);
				PRODUCT_BUNDLE_IDENTIFIER = TsygTa.Weather;
				PRODUCT_NAME = "$(TARGET_NAME)";
				SWIFT_VERSION = 4.2;
				TARGETED_DEVICE_FAMILY = "1,2";
			};
			name = Release;
		};
		3F8ED9D7218A3CDD0035F2C0 /* Debug */ = {
			isa = XCBuildConfiguration;
			buildSettings = {
				ALWAYS_EMBED_SWIFT_STANDARD_LIBRARIES = YES;
				BUNDLE_LOADER = "$(TEST_HOST)";
				CODE_SIGN_STYLE = Automatic;
				INFOPLIST_FILE = WeatherTests/Info.plist;
				LD_RUNPATH_SEARCH_PATHS = (
					"$(inherited)",
					"@executable_path/Frameworks",
					"@loader_path/Frameworks",
				);
				PRODUCT_BUNDLE_IDENTIFIER = TsygTa.WeatherTests;
				PRODUCT_NAME = "$(TARGET_NAME)";
				SWIFT_VERSION = 4.2;
				TARGETED_DEVICE_FAMILY = "1,2";
				TEST_HOST = "$(BUILT_PRODUCTS_DIR)/Weather.app/Weather";
			};
			name = Debug;
		};
		3F8ED9D8218A3CDD0035F2C0 /* Release */ = {
			isa = XCBuildConfiguration;
			buildSettings = {
				ALWAYS_EMBED_SWIFT_STANDARD_LIBRARIES = YES;
				BUNDLE_LOADER = "$(TEST_HOST)";
				CODE_SIGN_STYLE = Automatic;
				INFOPLIST_FILE = WeatherTests/Info.plist;
				LD_RUNPATH_SEARCH_PATHS = (
					"$(inherited)",
					"@executable_path/Frameworks",
					"@loader_path/Frameworks",
				);
				PRODUCT_BUNDLE_IDENTIFIER = TsygTa.WeatherTests;
				PRODUCT_NAME = "$(TARGET_NAME)";
				SWIFT_VERSION = 4.2;
				TARGETED_DEVICE_FAMILY = "1,2";
				TEST_HOST = "$(BUILT_PRODUCTS_DIR)/Weather.app/Weather";
			};
			name = Release;
		};
		3F8ED9DA218A3CDD0035F2C0 /* Debug */ = {
			isa = XCBuildConfiguration;
			buildSettings = {
				ALWAYS_EMBED_SWIFT_STANDARD_LIBRARIES = YES;
				CODE_SIGN_STYLE = Automatic;
				INFOPLIST_FILE = WeatherUITests/Info.plist;
				LD_RUNPATH_SEARCH_PATHS = (
					"$(inherited)",
					"@executable_path/Frameworks",
					"@loader_path/Frameworks",
				);
				PRODUCT_BUNDLE_IDENTIFIER = TsygTa.WeatherUITests;
				PRODUCT_NAME = "$(TARGET_NAME)";
				SWIFT_VERSION = 4.2;
				TARGETED_DEVICE_FAMILY = "1,2";
				TEST_TARGET_NAME = Weather;
			};
			name = Debug;
		};
		3F8ED9DB218A3CDD0035F2C0 /* Release */ = {
			isa = XCBuildConfiguration;
			buildSettings = {
				ALWAYS_EMBED_SWIFT_STANDARD_LIBRARIES = YES;
				CODE_SIGN_STYLE = Automatic;
				INFOPLIST_FILE = WeatherUITests/Info.plist;
				LD_RUNPATH_SEARCH_PATHS = (
					"$(inherited)",
					"@executable_path/Frameworks",
					"@loader_path/Frameworks",
				);
				PRODUCT_BUNDLE_IDENTIFIER = TsygTa.WeatherUITests;
				PRODUCT_NAME = "$(TARGET_NAME)";
				SWIFT_VERSION = 4.2;
				TARGETED_DEVICE_FAMILY = "1,2";
				TEST_TARGET_NAME = Weather;
			};
			name = Release;
		};
/* End XCBuildConfiguration section */

/* Begin XCConfigurationList section */
		3F8ED9A6218A3CDC0035F2C0 /* Build configuration list for PBXProject "Weather" */ = {
			isa = XCConfigurationList;
			buildConfigurations = (
				3F8ED9D1218A3CDD0035F2C0 /* Debug */,
				3F8ED9D2218A3CDD0035F2C0 /* Release */,
			);
			defaultConfigurationIsVisible = 0;
			defaultConfigurationName = Release;
		};
		3F8ED9D3218A3CDD0035F2C0 /* Build configuration list for PBXNativeTarget "Weather" */ = {
			isa = XCConfigurationList;
			buildConfigurations = (
				3F8ED9D4218A3CDD0035F2C0 /* Debug */,
				3F8ED9D5218A3CDD0035F2C0 /* Release */,
			);
			defaultConfigurationIsVisible = 0;
			defaultConfigurationName = Release;
		};
		3F8ED9D6218A3CDD0035F2C0 /* Build configuration list for PBXNativeTarget "WeatherTests" */ = {
			isa = XCConfigurationList;
			buildConfigurations = (
				3F8ED9D7218A3CDD0035F2C0 /* Debug */,
				3F8ED9D8218A3CDD0035F2C0 /* Release */,
			);
			defaultConfigurationIsVisible = 0;
			defaultConfigurationName = Release;
		};
		3F8ED9D9218A3CDD0035F2C0 /* Build configuration list for PBXNativeTarget "WeatherUITests" */ = {
			isa = XCConfigurationList;
			buildConfigurations = (
				3F8ED9DA218A3CDD0035F2C0 /* Debug */,
				3F8ED9DB218A3CDD0035F2C0 /* Release */,
			);
			defaultConfigurationIsVisible = 0;
			defaultConfigurationName = Release;
		};
/* End XCConfigurationList section */
	};
	rootObject = 3F8ED9A3218A3CDB0035F2C0 /* Project object */;
}
